// !$*UTF8*$!
{
	archiveVersion = 1;
	classes = {
	};
	objectVersion = 51;
	objects = {

/* Begin PBXBuildFile section */
		3FA5CB9A25550A84002F866D /* AppDelegate.swift in Sources */ = {isa = PBXBuildFile; fileRef = 3FA5CB9925550A84002F866D /* AppDelegate.swift */; };
		3FA5CB9C25550A84002F866D /* SceneDelegate.swift in Sources */ = {isa = PBXBuildFile; fileRef = 3FA5CB9B25550A84002F866D /* SceneDelegate.swift */; };
		3FA5CBA125550A84002F866D /* Main.storyboard in Resources */ = {isa = PBXBuildFile; fileRef = 3FA5CB9F25550A84002F866D /* Main.storyboard */; };
		3FA5CBA325550A86002F866D /* Assets.xcassets in Resources */ = {isa = PBXBuildFile; fileRef = 3FA5CBA225550A86002F866D /* Assets.xcassets */; };
		3FA5CBA625550A86002F866D /* LaunchScreen.storyboard in Resources */ = {isa = PBXBuildFile; fileRef = 3FA5CBA425550A86002F866D /* LaunchScreen.storyboard */; };
		3FA5CBB125550A86002F866D /* Pokemon_Team_BuilderTests.swift in Sources */ = {isa = PBXBuildFile; fileRef = 3FA5CBB025550A86002F866D /* Pokemon_Team_BuilderTests.swift */; };
		3FA5CBBC25550A86002F866D /* Pokemon_Team_BuilderUITests.swift in Sources */ = {isa = PBXBuildFile; fileRef = 3FA5CBBB25550A86002F866D /* Pokemon_Team_BuilderUITests.swift */; };
		3FC5588F2555116B00E63573 /* LoginViewController.swift in Sources */ = {isa = PBXBuildFile; fileRef = 3FC5588E2555116B00E63573 /* LoginViewController.swift */; };
		3FC55891255517B200E63573 /* SignUpViewController.swift in Sources */ = {isa = PBXBuildFile; fileRef = 3FC55890255517B200E63573 /* SignUpViewController.swift */; };
		3FC5589325551CEE00E63573 /* LoggedInViewController.swift in Sources */ = {isa = PBXBuildFile; fileRef = 3FC5589225551CEE00E63573 /* LoggedInViewController.swift */; };
		4B7B9EB62575AEEE00967ABA /* TeamTableViewCell.swift in Sources */ = {isa = PBXBuildFile; fileRef = 4B7B9EB52575AEEE00967ABA /* TeamTableViewCell.swift */; };
		4BEEA9BC2576FECD00B84853 /* TeamCreatorViewController.swift in Sources */ = {isa = PBXBuildFile; fileRef = 4BEEA9BB2576FECD00B84853 /* TeamCreatorViewController.swift */; };
		6E0F38852565BCE400AA761A /* PokemonDetailsViewController.swift in Sources */ = {isa = PBXBuildFile; fileRef = 6E0F38842565BCE400AA761A /* PokemonDetailsViewController.swift */; };
		6E1833A92575783E0068722B /* PokemonBuilderViewController.swift in Sources */ = {isa = PBXBuildFile; fileRef = 6E1833A82575783E0068722B /* PokemonBuilderViewController.swift */; };
		6E6010A125630912007B00EA /* TeamBuilderViewController.swift in Sources */ = {isa = PBXBuildFile; fileRef = 6E6010A025630912007B00EA /* TeamBuilderViewController.swift */; };
		7AC5B46E57E29FE02C8CEC94 /* Pods_Pokemon_Team_Builder.framework in Frameworks */ = {isa = PBXBuildFile; fileRef = 5C0586F62BDDCF02A3785918 /* Pods_Pokemon_Team_Builder.framework */; };
		9D16A61BBE030C11294E9408 /* Pods_Pokemon_Team_BuilderTests.framework in Frameworks */ = {isa = PBXBuildFile; fileRef = 7883ADF86E94AA1C97C6B9A8 /* Pods_Pokemon_Team_BuilderTests.framework */; };
		FF3810D6169B5541AC81D148 /* Pods_Pokemon_Team_Builder_Pokemon_Team_BuilderUITests.framework in Frameworks */ = {isa = PBXBuildFile; fileRef = 525D54752909C85FD49BFBE0 /* Pods_Pokemon_Team_Builder_Pokemon_Team_BuilderUITests.framework */; };
/* End PBXBuildFile section */

/* Begin PBXContainerItemProxy section */
		3FA5CBAD25550A86002F866D /* PBXContainerItemProxy */ = {
			isa = PBXContainerItemProxy;
			containerPortal = 3FA5CB8E25550A84002F866D /* Project object */;
			proxyType = 1;
			remoteGlobalIDString = 3FA5CB9525550A84002F866D;
			remoteInfo = "Pokemon Team Builder";
		};
		3FA5CBB825550A86002F866D /* PBXContainerItemProxy */ = {
			isa = PBXContainerItemProxy;
			containerPortal = 3FA5CB8E25550A84002F866D /* Project object */;
			proxyType = 1;
			remoteGlobalIDString = 3FA5CB9525550A84002F866D;
			remoteInfo = "Pokemon Team Builder";
		};
/* End PBXContainerItemProxy section */

/* Begin PBXFileReference section */
		1C771CE7E3FB0670FBACF93E /* Pods-Pokemon Team Builder.debug.xcconfig */ = {isa = PBXFileReference; includeInIndex = 1; lastKnownFileType = text.xcconfig; name = "Pods-Pokemon Team Builder.debug.xcconfig"; path = "Target Support Files/Pods-Pokemon Team Builder/Pods-Pokemon Team Builder.debug.xcconfig"; sourceTree = "<group>"; };
		3FA5CB9625550A84002F866D /* Pokemon Team Builder.app */ = {isa = PBXFileReference; explicitFileType = wrapper.application; includeInIndex = 0; path = "Pokemon Team Builder.app"; sourceTree = BUILT_PRODUCTS_DIR; };
		3FA5CB9925550A84002F866D /* AppDelegate.swift */ = {isa = PBXFileReference; lastKnownFileType = sourcecode.swift; path = AppDelegate.swift; sourceTree = "<group>"; };
		3FA5CB9B25550A84002F866D /* SceneDelegate.swift */ = {isa = PBXFileReference; lastKnownFileType = sourcecode.swift; path = SceneDelegate.swift; sourceTree = "<group>"; };
		3FA5CBA025550A84002F866D /* Base */ = {isa = PBXFileReference; lastKnownFileType = file.storyboard; name = Base; path = Base.lproj/Main.storyboard; sourceTree = "<group>"; };
		3FA5CBA225550A86002F866D /* Assets.xcassets */ = {isa = PBXFileReference; lastKnownFileType = folder.assetcatalog; path = Assets.xcassets; sourceTree = "<group>"; };
		3FA5CBA525550A86002F866D /* Base */ = {isa = PBXFileReference; lastKnownFileType = file.storyboard; name = Base; path = Base.lproj/LaunchScreen.storyboard; sourceTree = "<group>"; };
		3FA5CBA725550A86002F866D /* Info.plist */ = {isa = PBXFileReference; lastKnownFileType = text.plist.xml; path = Info.plist; sourceTree = "<group>"; };
		3FA5CBAC25550A86002F866D /* Pokemon Team BuilderTests.xctest */ = {isa = PBXFileReference; explicitFileType = wrapper.cfbundle; includeInIndex = 0; path = "Pokemon Team BuilderTests.xctest"; sourceTree = BUILT_PRODUCTS_DIR; };
		3FA5CBB025550A86002F866D /* Pokemon_Team_BuilderTests.swift */ = {isa = PBXFileReference; lastKnownFileType = sourcecode.swift; path = Pokemon_Team_BuilderTests.swift; sourceTree = "<group>"; };
		3FA5CBB225550A86002F866D /* Info.plist */ = {isa = PBXFileReference; lastKnownFileType = text.plist.xml; path = Info.plist; sourceTree = "<group>"; };
		3FA5CBB725550A86002F866D /* Pokemon Team BuilderUITests.xctest */ = {isa = PBXFileReference; explicitFileType = wrapper.cfbundle; includeInIndex = 0; path = "Pokemon Team BuilderUITests.xctest"; sourceTree = BUILT_PRODUCTS_DIR; };
		3FA5CBBB25550A86002F866D /* Pokemon_Team_BuilderUITests.swift */ = {isa = PBXFileReference; lastKnownFileType = sourcecode.swift; path = Pokemon_Team_BuilderUITests.swift; sourceTree = "<group>"; };
		3FA5CBBD25550A86002F866D /* Info.plist */ = {isa = PBXFileReference; lastKnownFileType = text.plist.xml; path = Info.plist; sourceTree = "<group>"; };
		3FC5588E2555116B00E63573 /* LoginViewController.swift */ = {isa = PBXFileReference; lastKnownFileType = sourcecode.swift; path = LoginViewController.swift; sourceTree = "<group>"; };
		3FC55890255517B200E63573 /* SignUpViewController.swift */ = {isa = PBXFileReference; lastKnownFileType = sourcecode.swift; path = SignUpViewController.swift; sourceTree = "<group>"; };
		3FC5589225551CEE00E63573 /* LoggedInViewController.swift */ = {isa = PBXFileReference; lastKnownFileType = sourcecode.swift; path = LoggedInViewController.swift; sourceTree = "<group>"; };
		41A4A3864CE700161718D3C1 /* Pods-Pokemon Team BuilderTests.debug.xcconfig */ = {isa = PBXFileReference; includeInIndex = 1; lastKnownFileType = text.xcconfig; name = "Pods-Pokemon Team BuilderTests.debug.xcconfig"; path = "Target Support Files/Pods-Pokemon Team BuilderTests/Pods-Pokemon Team BuilderTests.debug.xcconfig"; sourceTree = "<group>"; };
		4B7B9EB52575AEEE00967ABA /* TeamTableViewCell.swift */ = {isa = PBXFileReference; lastKnownFileType = sourcecode.swift; path = TeamTableViewCell.swift; sourceTree = "<group>"; };
		4BEEA9BB2576FECD00B84853 /* TeamCreatorViewController.swift */ = {isa = PBXFileReference; lastKnownFileType = sourcecode.swift; path = TeamCreatorViewController.swift; sourceTree = "<group>"; };
		525D54752909C85FD49BFBE0 /* Pods_Pokemon_Team_Builder_Pokemon_Team_BuilderUITests.framework */ = {isa = PBXFileReference; explicitFileType = wrapper.framework; includeInIndex = 0; path = Pods_Pokemon_Team_Builder_Pokemon_Team_BuilderUITests.framework; sourceTree = BUILT_PRODUCTS_DIR; };
		5C0586F62BDDCF02A3785918 /* Pods_Pokemon_Team_Builder.framework */ = {isa = PBXFileReference; explicitFileType = wrapper.framework; includeInIndex = 0; path = Pods_Pokemon_Team_Builder.framework; sourceTree = BUILT_PRODUCTS_DIR; };
		65EAC803C9B4D61847AE3F52 /* Pods-Pokemon Team Builder.release.xcconfig */ = {isa = PBXFileReference; includeInIndex = 1; lastKnownFileType = text.xcconfig; name = "Pods-Pokemon Team Builder.release.xcconfig"; path = "Target Support Files/Pods-Pokemon Team Builder/Pods-Pokemon Team Builder.release.xcconfig"; sourceTree = "<group>"; };
		6E0F38842565BCE400AA761A /* PokemonDetailsViewController.swift */ = {isa = PBXFileReference; lastKnownFileType = sourcecode.swift; path = PokemonDetailsViewController.swift; sourceTree = "<group>"; };
		6E1833A82575783E0068722B /* PokemonBuilderViewController.swift */ = {isa = PBXFileReference; lastKnownFileType = sourcecode.swift; path = PokemonBuilderViewController.swift; sourceTree = "<group>"; };
		6E6010A025630912007B00EA /* TeamBuilderViewController.swift */ = {isa = PBXFileReference; lastKnownFileType = sourcecode.swift; path = TeamBuilderViewController.swift; sourceTree = "<group>"; };
		7883ADF86E94AA1C97C6B9A8 /* Pods_Pokemon_Team_BuilderTests.framework */ = {isa = PBXFileReference; explicitFileType = wrapper.framework; includeInIndex = 0; path = Pods_Pokemon_Team_BuilderTests.framework; sourceTree = BUILT_PRODUCTS_DIR; };
		7AC4ED4D0991B0E099A88D08 /* Pods-Pokemon Team Builder-Pokemon Team BuilderUITests.release.xcconfig */ = {isa = PBXFileReference; includeInIndex = 1; lastKnownFileType = text.xcconfig; name = "Pods-Pokemon Team Builder-Pokemon Team BuilderUITests.release.xcconfig"; path = "Target Support Files/Pods-Pokemon Team Builder-Pokemon Team BuilderUITests/Pods-Pokemon Team Builder-Pokemon Team BuilderUITests.release.xcconfig"; sourceTree = "<group>"; };
		A7208F4D177B440F41228B43 /* Pods-Pokemon Team BuilderTests.release.xcconfig */ = {isa = PBXFileReference; includeInIndex = 1; lastKnownFileType = text.xcconfig; name = "Pods-Pokemon Team BuilderTests.release.xcconfig"; path = "Target Support Files/Pods-Pokemon Team BuilderTests/Pods-Pokemon Team BuilderTests.release.xcconfig"; sourceTree = "<group>"; };
		A7BD967C9D4DBFBAEF8A9D63 /* Pods-Pokemon Team Builder-Pokemon Team BuilderUITests.debug.xcconfig */ = {isa = PBXFileReference; includeInIndex = 1; lastKnownFileType = text.xcconfig; name = "Pods-Pokemon Team Builder-Pokemon Team BuilderUITests.debug.xcconfig"; path = "Target Support Files/Pods-Pokemon Team Builder-Pokemon Team BuilderUITests/Pods-Pokemon Team Builder-Pokemon Team BuilderUITests.debug.xcconfig"; sourceTree = "<group>"; };
/* End PBXFileReference section */

/* Begin PBXFrameworksBuildPhase section */
		3FA5CB9325550A84002F866D /* Frameworks */ = {
			isa = PBXFrameworksBuildPhase;
			buildActionMask = 2147483647;
			files = (
				7AC5B46E57E29FE02C8CEC94 /* Pods_Pokemon_Team_Builder.framework in Frameworks */,
			);
			runOnlyForDeploymentPostprocessing = 0;
		};
		3FA5CBA925550A86002F866D /* Frameworks */ = {
			isa = PBXFrameworksBuildPhase;
			buildActionMask = 2147483647;
			files = (
				9D16A61BBE030C11294E9408 /* Pods_Pokemon_Team_BuilderTests.framework in Frameworks */,
			);
			runOnlyForDeploymentPostprocessing = 0;
		};
		3FA5CBB425550A86002F866D /* Frameworks */ = {
			isa = PBXFrameworksBuildPhase;
			buildActionMask = 2147483647;
			files = (
				FF3810D6169B5541AC81D148 /* Pods_Pokemon_Team_Builder_Pokemon_Team_BuilderUITests.framework in Frameworks */,
			);
			runOnlyForDeploymentPostprocessing = 0;
		};
/* End PBXFrameworksBuildPhase section */

/* Begin PBXGroup section */
		1BC906BEA2F56A1F44EDD945 /* Pods */ = {
			isa = PBXGroup;
			children = (
				1C771CE7E3FB0670FBACF93E /* Pods-Pokemon Team Builder.debug.xcconfig */,
				65EAC803C9B4D61847AE3F52 /* Pods-Pokemon Team Builder.release.xcconfig */,
				A7BD967C9D4DBFBAEF8A9D63 /* Pods-Pokemon Team Builder-Pokemon Team BuilderUITests.debug.xcconfig */,
				7AC4ED4D0991B0E099A88D08 /* Pods-Pokemon Team Builder-Pokemon Team BuilderUITests.release.xcconfig */,
				41A4A3864CE700161718D3C1 /* Pods-Pokemon Team BuilderTests.debug.xcconfig */,
				A7208F4D177B440F41228B43 /* Pods-Pokemon Team BuilderTests.release.xcconfig */,
			);
			path = Pods;
			sourceTree = "<group>";
		};
		360D1D54FE890B50BE30F434 /* Frameworks */ = {
			isa = PBXGroup;
			children = (
				5C0586F62BDDCF02A3785918 /* Pods_Pokemon_Team_Builder.framework */,
				525D54752909C85FD49BFBE0 /* Pods_Pokemon_Team_Builder_Pokemon_Team_BuilderUITests.framework */,
				7883ADF86E94AA1C97C6B9A8 /* Pods_Pokemon_Team_BuilderTests.framework */,
			);
			name = Frameworks;
			sourceTree = "<group>";
		};
		3FA5CB8D25550A84002F866D = {
			isa = PBXGroup;
			children = (
				3FA5CB9825550A84002F866D /* Pokemon Team Builder */,
				3FA5CBAF25550A86002F866D /* Pokemon Team BuilderTests */,
				3FA5CBBA25550A86002F866D /* Pokemon Team BuilderUITests */,
				3FA5CB9725550A84002F866D /* Products */,
				1BC906BEA2F56A1F44EDD945 /* Pods */,
				360D1D54FE890B50BE30F434 /* Frameworks */,
			);
			sourceTree = "<group>";
		};
		3FA5CB9725550A84002F866D /* Products */ = {
			isa = PBXGroup;
			children = (
				3FA5CB9625550A84002F866D /* Pokemon Team Builder.app */,
				3FA5CBAC25550A86002F866D /* Pokemon Team BuilderTests.xctest */,
				3FA5CBB725550A86002F866D /* Pokemon Team BuilderUITests.xctest */,
			);
			name = Products;
			sourceTree = "<group>";
		};
		3FA5CB9825550A84002F866D /* Pokemon Team Builder */ = {
			isa = PBXGroup;
			children = (
				3FA5CB9925550A84002F866D /* AppDelegate.swift */,
				3FA5CB9B25550A84002F866D /* SceneDelegate.swift */,
				3FA5CB9F25550A84002F866D /* Main.storyboard */,
				3FC5589225551CEE00E63573 /* LoggedInViewController.swift */,
				3FA5CBA225550A86002F866D /* Assets.xcassets */,
				3FA5CBA425550A86002F866D /* LaunchScreen.storyboard */,
				3FA5CBA725550A86002F866D /* Info.plist */,
				3FC55890255517B200E63573 /* SignUpViewController.swift */,
				3FC5588E2555116B00E63573 /* LoginViewController.swift */,
				6E6010A025630912007B00EA /* TeamBuilderViewController.swift */,
				6E0F38842565BCE400AA761A /* PokemonDetailsViewController.swift */,
				6E1833A82575783E0068722B /* PokemonBuilderViewController.swift */,
				4B7B9EB52575AEEE00967ABA /* TeamTableViewCell.swift */,
				4BEEA9BB2576FECD00B84853 /* TeamCreatorViewController.swift */,
			);
			path = "Pokemon Team Builder";
			sourceTree = "<group>";
		};
		3FA5CBAF25550A86002F866D /* Pokemon Team BuilderTests */ = {
			isa = PBXGroup;
			children = (
				3FA5CBB025550A86002F866D /* Pokemon_Team_BuilderTests.swift */,
				3FA5CBB225550A86002F866D /* Info.plist */,
			);
			path = "Pokemon Team BuilderTests";
			sourceTree = "<group>";
		};
		3FA5CBBA25550A86002F866D /* Pokemon Team BuilderUITests */ = {
			isa = PBXGroup;
			children = (
				3FA5CBBB25550A86002F866D /* Pokemon_Team_BuilderUITests.swift */,
				3FA5CBBD25550A86002F866D /* Info.plist */,
			);
			path = "Pokemon Team BuilderUITests";
			sourceTree = "<group>";
		};
/* End PBXGroup section */

/* Begin PBXNativeTarget section */
		3FA5CB9525550A84002F866D /* Pokemon Team Builder */ = {
			isa = PBXNativeTarget;
			buildConfigurationList = 3FA5CBC025550A86002F866D /* Build configuration list for PBXNativeTarget "Pokemon Team Builder" */;
			buildPhases = (
				AACE363F2F2FBF66135D749B /* [CP] Check Pods Manifest.lock */,
				3FA5CB9225550A84002F866D /* Sources */,
				3FA5CB9325550A84002F866D /* Frameworks */,
				3FA5CB9425550A84002F866D /* Resources */,
				0645CC4F2B676579EDAE0FE7 /* [CP] Embed Pods Frameworks */,
			);
			buildRules = (
			);
			dependencies = (
			);
			name = "Pokemon Team Builder";
			productName = "Pokemon Team Builder";
			productReference = 3FA5CB9625550A84002F866D /* Pokemon Team Builder.app */;
			productType = "com.apple.product-type.application";
		};
		3FA5CBAB25550A86002F866D /* Pokemon Team BuilderTests */ = {
			isa = PBXNativeTarget;
			buildConfigurationList = 3FA5CBC325550A86002F866D /* Build configuration list for PBXNativeTarget "Pokemon Team BuilderTests" */;
			buildPhases = (
				BDA4C49A40FC66095ACC104F /* [CP] Check Pods Manifest.lock */,
				3FA5CBA825550A86002F866D /* Sources */,
				3FA5CBA925550A86002F866D /* Frameworks */,
				3FA5CBAA25550A86002F866D /* Resources */,
			);
			buildRules = (
			);
			dependencies = (
				3FA5CBAE25550A86002F866D /* PBXTargetDependency */,
			);
			name = "Pokemon Team BuilderTests";
			productName = "Pokemon Team BuilderTests";
			productReference = 3FA5CBAC25550A86002F866D /* Pokemon Team BuilderTests.xctest */;
			productType = "com.apple.product-type.bundle.unit-test";
		};
		3FA5CBB625550A86002F866D /* Pokemon Team BuilderUITests */ = {
			isa = PBXNativeTarget;
			buildConfigurationList = 3FA5CBC625550A86002F866D /* Build configuration list for PBXNativeTarget "Pokemon Team BuilderUITests" */;
			buildPhases = (
				0855942626BE3E495CFF4B61 /* [CP] Check Pods Manifest.lock */,
				3FA5CBB325550A86002F866D /* Sources */,
				3FA5CBB425550A86002F866D /* Frameworks */,
				3FA5CBB525550A86002F866D /* Resources */,
				E0980C6FE53AA8762053E114 /* [CP] Embed Pods Frameworks */,
			);
			buildRules = (
			);
			dependencies = (
				3FA5CBB925550A86002F866D /* PBXTargetDependency */,
			);
			name = "Pokemon Team BuilderUITests";
			productName = "Pokemon Team BuilderUITests";
			productReference = 3FA5CBB725550A86002F866D /* Pokemon Team BuilderUITests.xctest */;
			productType = "com.apple.product-type.bundle.ui-testing";
		};
/* End PBXNativeTarget section */

/* Begin PBXProject section */
		3FA5CB8E25550A84002F866D /* Project object */ = {
			isa = PBXProject;
			attributes = {
				LastSwiftUpdateCheck = 1120;
				LastUpgradeCheck = 1120;
				ORGANIZATIONNAME = munoz;
				TargetAttributes = {
					3FA5CB9525550A84002F866D = {
						CreatedOnToolsVersion = 11.2.1;
					};
					3FA5CBAB25550A86002F866D = {
						CreatedOnToolsVersion = 11.2.1;
						TestTargetID = 3FA5CB9525550A84002F866D;
					};
					3FA5CBB625550A86002F866D = {
						CreatedOnToolsVersion = 11.2.1;
						TestTargetID = 3FA5CB9525550A84002F866D;
					};
				};
			};
			buildConfigurationList = 3FA5CB9125550A84002F866D /* Build configuration list for PBXProject "Pokemon Team Builder" */;
			compatibilityVersion = "Xcode 9.3";
			developmentRegion = en;
			hasScannedForEncodings = 0;
			knownRegions = (
				en,
				Base,
			);
			mainGroup = 3FA5CB8D25550A84002F866D;
			productRefGroup = 3FA5CB9725550A84002F866D /* Products */;
			projectDirPath = "";
			projectRoot = "";
			targets = (
				3FA5CB9525550A84002F866D /* Pokemon Team Builder */,
				3FA5CBAB25550A86002F866D /* Pokemon Team BuilderTests */,
				3FA5CBB625550A86002F866D /* Pokemon Team BuilderUITests */,
			);
		};
/* End PBXProject section */

/* Begin PBXResourcesBuildPhase section */
		3FA5CB9425550A84002F866D /* Resources */ = {
			isa = PBXResourcesBuildPhase;
			buildActionMask = 2147483647;
			files = (
				3FA5CBA625550A86002F866D /* LaunchScreen.storyboard in Resources */,
				3FA5CBA325550A86002F866D /* Assets.xcassets in Resources */,
				3FA5CBA125550A84002F866D /* Main.storyboard in Resources */,
			);
			runOnlyForDeploymentPostprocessing = 0;
		};
		3FA5CBAA25550A86002F866D /* Resources */ = {
			isa = PBXResourcesBuildPhase;
			buildActionMask = 2147483647;
			files = (
			);
			runOnlyForDeploymentPostprocessing = 0;
		};
		3FA5CBB525550A86002F866D /* Resources */ = {
			isa = PBXResourcesBuildPhase;
			buildActionMask = 2147483647;
			files = (
			);
			runOnlyForDeploymentPostprocessing = 0;
		};
/* End PBXResourcesBuildPhase section */

/* Begin PBXShellScriptBuildPhase section */
		0645CC4F2B676579EDAE0FE7 /* [CP] Embed Pods Frameworks */ = {
			isa = PBXShellScriptBuildPhase;
			buildActionMask = 2147483647;
			files = (
			);
			inputFileListPaths = (
				"${PODS_ROOT}/Target Support Files/Pods-Pokemon Team Builder/Pods-Pokemon Team Builder-frameworks-${CONFIGURATION}-input-files.xcfilelist",
			);
			name = "[CP] Embed Pods Frameworks";
			outputFileListPaths = (
				"${PODS_ROOT}/Target Support Files/Pods-Pokemon Team Builder/Pods-Pokemon Team Builder-frameworks-${CONFIGURATION}-output-files.xcfilelist",
			);
			runOnlyForDeploymentPostprocessing = 0;
			shellPath = /bin/sh;
			shellScript = "\"${PODS_ROOT}/Target Support Files/Pods-Pokemon Team Builder/Pods-Pokemon Team Builder-frameworks.sh\"\n";
			showEnvVarsInLog = 0;
		};
		0855942626BE3E495CFF4B61 /* [CP] Check Pods Manifest.lock */ = {
			isa = PBXShellScriptBuildPhase;
			buildActionMask = 2147483647;
			files = (
			);
			inputFileListPaths = (
			);
			inputPaths = (
				"${PODS_PODFILE_DIR_PATH}/Podfile.lock",
				"${PODS_ROOT}/Manifest.lock",
			);
			name = "[CP] Check Pods Manifest.lock";
			outputFileListPaths = (
			);
			outputPaths = (
				"$(DERIVED_FILE_DIR)/Pods-Pokemon Team Builder-Pokemon Team BuilderUITests-checkManifestLockResult.txt",
			);
			runOnlyForDeploymentPostprocessing = 0;
			shellPath = /bin/sh;
			shellScript = "diff \"${PODS_PODFILE_DIR_PATH}/Podfile.lock\" \"${PODS_ROOT}/Manifest.lock\" > /dev/null\nif [ $? != 0 ] ; then\n    # print error to STDERR\n    echo \"error: The sandbox is not in sync with the Podfile.lock. Run 'pod install' or update your CocoaPods installation.\" >&2\n    exit 1\nfi\n# This output is used by Xcode 'outputs' to avoid re-running this script phase.\necho \"SUCCESS\" > \"${SCRIPT_OUTPUT_FILE_0}\"\n";
			showEnvVarsInLog = 0;
		};
		AACE363F2F2FBF66135D749B /* [CP] Check Pods Manifest.lock */ = {
			isa = PBXShellScriptBuildPhase;
			buildActionMask = 2147483647;
			files = (
			);
			inputFileListPaths = (
			);
			inputPaths = (
				"${PODS_PODFILE_DIR_PATH}/Podfile.lock",
				"${PODS_ROOT}/Manifest.lock",
			);
			name = "[CP] Check Pods Manifest.lock";
			outputFileListPaths = (
			);
			outputPaths = (
				"$(DERIVED_FILE_DIR)/Pods-Pokemon Team Builder-checkManifestLockResult.txt",
			);
			runOnlyForDeploymentPostprocessing = 0;
			shellPath = /bin/sh;
			shellScript = "diff \"${PODS_PODFILE_DIR_PATH}/Podfile.lock\" \"${PODS_ROOT}/Manifest.lock\" > /dev/null\nif [ $? != 0 ] ; then\n    # print error to STDERR\n    echo \"error: The sandbox is not in sync with the Podfile.lock. Run 'pod install' or update your CocoaPods installation.\" >&2\n    exit 1\nfi\n# This output is used by Xcode 'outputs' to avoid re-running this script phase.\necho \"SUCCESS\" > \"${SCRIPT_OUTPUT_FILE_0}\"\n";
			showEnvVarsInLog = 0;
		};
		BDA4C49A40FC66095ACC104F /* [CP] Check Pods Manifest.lock */ = {
			isa = PBXShellScriptBuildPhase;
			buildActionMask = 2147483647;
			files = (
			);
			inputFileListPaths = (
			);
			inputPaths = (
				"${PODS_PODFILE_DIR_PATH}/Podfile.lock",
				"${PODS_ROOT}/Manifest.lock",
			);
			name = "[CP] Check Pods Manifest.lock";
			outputFileListPaths = (
			);
			outputPaths = (
				"$(DERIVED_FILE_DIR)/Pods-Pokemon Team BuilderTests-checkManifestLockResult.txt",
			);
			runOnlyForDeploymentPostprocessing = 0;
			shellPath = /bin/sh;
			shellScript = "diff \"${PODS_PODFILE_DIR_PATH}/Podfile.lock\" \"${PODS_ROOT}/Manifest.lock\" > /dev/null\nif [ $? != 0 ] ; then\n    # print error to STDERR\n    echo \"error: The sandbox is not in sync with the Podfile.lock. Run 'pod install' or update your CocoaPods installation.\" >&2\n    exit 1\nfi\n# This output is used by Xcode 'outputs' to avoid re-running this script phase.\necho \"SUCCESS\" > \"${SCRIPT_OUTPUT_FILE_0}\"\n";
			showEnvVarsInLog = 0;
		};
		E0980C6FE53AA8762053E114 /* [CP] Embed Pods Frameworks */ = {
			isa = PBXShellScriptBuildPhase;
			buildActionMask = 2147483647;
			files = (
			);
			inputFileListPaths = (
				"${PODS_ROOT}/Target Support Files/Pods-Pokemon Team Builder-Pokemon Team BuilderUITests/Pods-Pokemon Team Builder-Pokemon Team BuilderUITests-frameworks-${CONFIGURATION}-input-files.xcfilelist",
			);
			name = "[CP] Embed Pods Frameworks";
			outputFileListPaths = (
				"${PODS_ROOT}/Target Support Files/Pods-Pokemon Team Builder-Pokemon Team BuilderUITests/Pods-Pokemon Team Builder-Pokemon Team BuilderUITests-frameworks-${CONFIGURATION}-output-files.xcfilelist",
			);
			runOnlyForDeploymentPostprocessing = 0;
			shellPath = /bin/sh;
			shellScript = "\"${PODS_ROOT}/Target Support Files/Pods-Pokemon Team Builder-Pokemon Team BuilderUITests/Pods-Pokemon Team Builder-Pokemon Team BuilderUITests-frameworks.sh\"\n";
			showEnvVarsInLog = 0;
		};
/* End PBXShellScriptBuildPhase section */

/* Begin PBXSourcesBuildPhase section */
		3FA5CB9225550A84002F866D /* Sources */ = {
			isa = PBXSourcesBuildPhase;
			buildActionMask = 2147483647;
			files = (
				3FC5588F2555116B00E63573 /* LoginViewController.swift in Sources */,
				6E6010A125630912007B00EA /* TeamBuilderViewController.swift in Sources */,
				4BEEA9BC2576FECD00B84853 /* TeamCreatorViewController.swift in Sources */,
				3FC5589325551CEE00E63573 /* LoggedInViewController.swift in Sources */,
				3FA5CB9A25550A84002F866D /* AppDelegate.swift in Sources */,
				6E1833A92575783E0068722B /* PokemonBuilderViewController.swift in Sources */,
				6E0F38852565BCE400AA761A /* PokemonDetailsViewController.swift in Sources */,
				3FC55891255517B200E63573 /* SignUpViewController.swift in Sources */,
				4B7B9EB62575AEEE00967ABA /* TeamTableViewCell.swift in Sources */,
				3FA5CB9C25550A84002F866D /* SceneDelegate.swift in Sources */,
			);
			runOnlyForDeploymentPostprocessing = 0;
		};
		3FA5CBA825550A86002F866D /* Sources */ = {
			isa = PBXSourcesBuildPhase;
			buildActionMask = 2147483647;
			files = (
				3FA5CBB125550A86002F866D /* Pokemon_Team_BuilderTests.swift in Sources */,
			);
			runOnlyForDeploymentPostprocessing = 0;
		};
		3FA5CBB325550A86002F866D /* Sources */ = {
			isa = PBXSourcesBuildPhase;
			buildActionMask = 2147483647;
			files = (
				3FA5CBBC25550A86002F866D /* Pokemon_Team_BuilderUITests.swift in Sources */,
			);
			runOnlyForDeploymentPostprocessing = 0;
		};
/* End PBXSourcesBuildPhase section */

/* Begin PBXTargetDependency section */
		3FA5CBAE25550A86002F866D /* PBXTargetDependency */ = {
			isa = PBXTargetDependency;
			target = 3FA5CB9525550A84002F866D /* Pokemon Team Builder */;
			targetProxy = 3FA5CBAD25550A86002F866D /* PBXContainerItemProxy */;
		};
		3FA5CBB925550A86002F866D /* PBXTargetDependency */ = {
			isa = PBXTargetDependency;
			target = 3FA5CB9525550A84002F866D /* Pokemon Team Builder */;
			targetProxy = 3FA5CBB825550A86002F866D /* PBXContainerItemProxy */;
		};
/* End PBXTargetDependency section */

/* Begin PBXVariantGroup section */
		3FA5CB9F25550A84002F866D /* Main.storyboard */ = {
			isa = PBXVariantGroup;
			children = (
				3FA5CBA025550A84002F866D /* Base */,
			);
			name = Main.storyboard;
			sourceTree = "<group>";
		};
		3FA5CBA425550A86002F866D /* LaunchScreen.storyboard */ = {
			isa = PBXVariantGroup;
			children = (
				3FA5CBA525550A86002F866D /* Base */,
			);
			name = LaunchScreen.storyboard;
			sourceTree = "<group>";
		};
/* End PBXVariantGroup section */

/* Begin XCBuildConfiguration section */
		3FA5CBBE25550A86002F866D /* Debug */ = {
			isa = XCBuildConfiguration;
			buildSettings = {
				ALWAYS_SEARCH_USER_PATHS = NO;
				CLANG_ANALYZER_NONNULL = YES;
				CLANG_ANALYZER_NUMBER_OBJECT_CONVERSION = YES_AGGRESSIVE;
				CLANG_CXX_LANGUAGE_STANDARD = "gnu++14";
				CLANG_CXX_LIBRARY = "libc++";
				CLANG_ENABLE_MODULES = YES;
				CLANG_ENABLE_OBJC_ARC = YES;
				CLANG_ENABLE_OBJC_WEAK = YES;
				CLANG_WARN_BLOCK_CAPTURE_AUTORELEASING = YES;
				CLANG_WARN_BOOL_CONVERSION = YES;
				CLANG_WARN_COMMA = YES;
				CLANG_WARN_CONSTANT_CONVERSION = YES;
				CLANG_WARN_DEPRECATED_OBJC_IMPLEMENTATIONS = YES;
				CLANG_WARN_DIRECT_OBJC_ISA_USAGE = YES_ERROR;
				CLANG_WARN_DOCUMENTATION_COMMENTS = YES;
				CLANG_WARN_EMPTY_BODY = YES;
				CLANG_WARN_ENUM_CONVERSION = YES;
				CLANG_WARN_INFINITE_RECURSION = YES;
				CLANG_WARN_INT_CONVERSION = YES;
				CLANG_WARN_NON_LITERAL_NULL_CONVERSION = YES;
				CLANG_WARN_OBJC_IMPLICIT_RETAIN_SELF = YES;
				CLANG_WARN_OBJC_LITERAL_CONVERSION = YES;
				CLANG_WARN_OBJC_ROOT_CLASS = YES_ERROR;
				CLANG_WARN_RANGE_LOOP_ANALYSIS = YES;
				CLANG_WARN_STRICT_PROTOTYPES = YES;
				CLANG_WARN_SUSPICIOUS_MOVE = YES;
				CLANG_WARN_UNGUARDED_AVAILABILITY = YES_AGGRESSIVE;
				CLANG_WARN_UNREACHABLE_CODE = YES;
				CLANG_WARN__DUPLICATE_METHOD_MATCH = YES;
				COPY_PHASE_STRIP = NO;
				DEBUG_INFORMATION_FORMAT = dwarf;
				ENABLE_STRICT_OBJC_MSGSEND = YES;
				ENABLE_TESTABILITY = YES;
				GCC_C_LANGUAGE_STANDARD = gnu11;
				GCC_DYNAMIC_NO_PIC = NO;
				GCC_NO_COMMON_BLOCKS = YES;
				GCC_OPTIMIZATION_LEVEL = 0;
				GCC_PREPROCESSOR_DEFINITIONS = (
					"DEBUG=1",
					"$(inherited)",
				);
				GCC_WARN_64_TO_32_BIT_CONVERSION = YES;
				GCC_WARN_ABOUT_RETURN_TYPE = YES_ERROR;
				GCC_WARN_UNDECLARED_SELECTOR = YES;
				GCC_WARN_UNINITIALIZED_AUTOS = YES_AGGRESSIVE;
				GCC_WARN_UNUSED_FUNCTION = YES;
				GCC_WARN_UNUSED_VARIABLE = YES;
				IPHONEOS_DEPLOYMENT_TARGET = 13.2;
				MTL_ENABLE_DEBUG_INFO = INCLUDE_SOURCE;
				MTL_FAST_MATH = YES;
				ONLY_ACTIVE_ARCH = YES;
				SDKROOT = iphoneos;
				SWIFT_ACTIVE_COMPILATION_CONDITIONS = DEBUG;
				SWIFT_OPTIMIZATION_LEVEL = "-Onone";
			};
			name = Debug;
		};
		3FA5CBBF25550A86002F866D /* Release */ = {
			isa = XCBuildConfiguration;
			buildSettings = {
				ALWAYS_SEARCH_USER_PATHS = NO;
				CLANG_ANALYZER_NONNULL = YES;
				CLANG_ANALYZER_NUMBER_OBJECT_CONVERSION = YES_AGGRESSIVE;
				CLANG_CXX_LANGUAGE_STANDARD = "gnu++14";
				CLANG_CXX_LIBRARY = "libc++";
				CLANG_ENABLE_MODULES = YES;
				CLANG_ENABLE_OBJC_ARC = YES;
				CLANG_ENABLE_OBJC_WEAK = YES;
				CLANG_WARN_BLOCK_CAPTURE_AUTORELEASING = YES;
				CLANG_WARN_BOOL_CONVERSION = YES;
				CLANG_WARN_COMMA = YES;
				CLANG_WARN_CONSTANT_CONVERSION = YES;
				CLANG_WARN_DEPRECATED_OBJC_IMPLEMENTATIONS = YES;
				CLANG_WARN_DIRECT_OBJC_ISA_USAGE = YES_ERROR;
				CLANG_WARN_DOCUMENTATION_COMMENTS = YES;
				CLANG_WARN_EMPTY_BODY = YES;
				CLANG_WARN_ENUM_CONVERSION = YES;
				CLANG_WARN_INFINITE_RECURSION = YES;
				CLANG_WARN_INT_CONVERSION = YES;
				CLANG_WARN_NON_LITERAL_NULL_CONVERSION = YES;
				CLANG_WARN_OBJC_IMPLICIT_RETAIN_SELF = YES;
				CLANG_WARN_OBJC_LITERAL_CONVERSION = YES;
				CLANG_WARN_OBJC_ROOT_CLASS = YES_ERROR;
				CLANG_WARN_RANGE_LOOP_ANALYSIS = YES;
				CLANG_WARN_STRICT_PROTOTYPES = YES;
				CLANG_WARN_SUSPICIOUS_MOVE = YES;
				CLANG_WARN_UNGUARDED_AVAILABILITY = YES_AGGRESSIVE;
				CLANG_WARN_UNREACHABLE_CODE = YES;
				CLANG_WARN__DUPLICATE_METHOD_MATCH = YES;
				COPY_PHASE_STRIP = NO;
				DEBUG_INFORMATION_FORMAT = "dwarf-with-dsym";
				ENABLE_NS_ASSERTIONS = NO;
				ENABLE_STRICT_OBJC_MSGSEND = YES;
				GCC_C_LANGUAGE_STANDARD = gnu11;
				GCC_NO_COMMON_BLOCKS = YES;
				GCC_WARN_64_TO_32_BIT_CONVERSION = YES;
				GCC_WARN_ABOUT_RETURN_TYPE = YES_ERROR;
				GCC_WARN_UNDECLARED_SELECTOR = YES;
				GCC_WARN_UNINITIALIZED_AUTOS = YES_AGGRESSIVE;
				GCC_WARN_UNUSED_FUNCTION = YES;
				GCC_WARN_UNUSED_VARIABLE = YES;
				IPHONEOS_DEPLOYMENT_TARGET = 13.2;
				MTL_ENABLE_DEBUG_INFO = NO;
				MTL_FAST_MATH = YES;
				SDKROOT = iphoneos;
				SWIFT_COMPILATION_MODE = wholemodule;
				SWIFT_OPTIMIZATION_LEVEL = "-O";
				VALIDATE_PRODUCT = YES;
			};
			name = Release;
		};
		3FA5CBC125550A86002F866D /* Debug */ = {
			isa = XCBuildConfiguration;
			baseConfigurationReference = 1C771CE7E3FB0670FBACF93E /* Pods-Pokemon Team Builder.debug.xcconfig */;
			buildSettings = {
				ASSETCATALOG_COMPILER_APPICON_NAME = AppIcon;
				CODE_SIGN_STYLE = Automatic;
				INFOPLIST_FILE = "Pokemon Team Builder/Info.plist";
				LD_RUNPATH_SEARCH_PATHS = (
					"$(inherited)",
					"@executable_path/Frameworks",
				);
				PRODUCT_BUNDLE_IDENTIFIER = "Codepath.Pokemon-Team-Builder";
				PRODUCT_NAME = "$(TARGET_NAME)";
				SWIFT_VERSION = 5.0;
				TARGETED_DEVICE_FAMILY = "1,2";
			};
			name = Debug;
		};
		3FA5CBC225550A86002F866D /* Release */ = {
			isa = XCBuildConfiguration;
			baseConfigurationReference = 65EAC803C9B4D61847AE3F52 /* Pods-Pokemon Team Builder.release.xcconfig */;
			buildSettings = {
				ASSETCATALOG_COMPILER_APPICON_NAME = AppIcon;
				CODE_SIGN_STYLE = Automatic;
				INFOPLIST_FILE = "Pokemon Team Builder/Info.plist";
				LD_RUNPATH_SEARCH_PATHS = (
					"$(inherited)",
					"@executable_path/Frameworks",
				);
				PRODUCT_BUNDLE_IDENTIFIER = "Codepath.Pokemon-Team-Builder";
				PRODUCT_NAME = "$(TARGET_NAME)";
				SWIFT_VERSION = 5.0;
				TARGETED_DEVICE_FAMILY = "1,2";
			};
			name = Release;
		};
		3FA5CBC425550A86002F866D /* Debug */ = {
			isa = XCBuildConfiguration;
			baseConfigurationReference = 41A4A3864CE700161718D3C1 /* Pods-Pokemon Team BuilderTests.debug.xcconfig */;
			buildSettings = {
				ALWAYS_EMBED_SWIFT_STANDARD_LIBRARIES = YES;
				BUNDLE_LOADER = "$(TEST_HOST)";
				CODE_SIGN_STYLE = Automatic;
				INFOPLIST_FILE = "Pokemon Team BuilderTests/Info.plist";
				IPHONEOS_DEPLOYMENT_TARGET = 13.2;
				LD_RUNPATH_SEARCH_PATHS = (
					"$(inherited)",
					"@executable_path/Frameworks",
					"@loader_path/Frameworks",
				);
				PRODUCT_BUNDLE_IDENTIFIER = "Codepath.Pokemon-Team-BuilderTests";
				PRODUCT_NAME = "$(TARGET_NAME)";
				SWIFT_VERSION = 5.0;
				TARGETED_DEVICE_FAMILY = "1,2";
				TEST_HOST = "$(BUILT_PRODUCTS_DIR)/Pokemon Team Builder.app/Pokemon Team Builder";
			};
			name = Debug;
		};
		3FA5CBC525550A86002F866D /* Release */ = {
			isa = XCBuildConfiguration;
			baseConfigurationReference = A7208F4D177B440F41228B43 /* Pods-Pokemon Team BuilderTests.release.xcconfig */;
			buildSettings = {
				ALWAYS_EMBED_SWIFT_STANDARD_LIBRARIES = YES;
				BUNDLE_LOADER = "$(TEST_HOST)";
				CODE_SIGN_STYLE = Automatic;
				INFOPLIST_FILE = "Pokemon Team BuilderTests/Info.plist";
				IPHONEOS_DEPLOYMENT_TARGET = 13.2;
				LD_RUNPATH_SEARCH_PATHS = (
					"$(inherited)",
					"@executable_path/Frameworks",
					"@loader_path/Frameworks",
				);
				PRODUCT_BUNDLE_IDENTIFIER = "Codepath.Pokemon-Team-BuilderTests";
				PRODUCT_NAME = "$(TARGET_NAME)";
				SWIFT_VERSION = 5.0;
				TARGETED_DEVICE_FAMILY = "1,2";
				TEST_HOST = "$(BUILT_PRODUCTS_DIR)/Pokemon Team Builder.app/Pokemon Team Builder";
			};
			name = Release;
		};
		3FA5CBC725550A86002F866D /* Debug */ = {
			isa = XCBuildConfiguration;
			baseConfigurationReference = A7BD967C9D4DBFBAEF8A9D63 /* Pods-Pokemon Team Builder-Pokemon Team BuilderUITests.debug.xcconfig */;
			buildSettings = {
				ALWAYS_EMBED_SWIFT_STANDARD_LIBRARIES = YES;
				CODE_SIGN_STYLE = Automatic;
				INFOPLIST_FILE = "Pokemon Team BuilderUITests/Info.plist";
				LD_RUNPATH_SEARCH_PATHS = (
					"$(inherited)",
					"@executable_path/Frameworks",
					"@loader_path/Frameworks",
				);
				PRODUCT_BUNDLE_IDENTIFIER = "Codepath.Pokemon-Team-BuilderUITests";
				PRODUCT_NAME = "$(TARGET_NAME)";
				SWIFT_VERSION = 5.0;
				TARGETED_DEVICE_FAMILY = "1,2";
				TEST_TARGET_NAME = "Pokemon Team Builder";
			};
			name = Debug;
		};
		3FA5CBC825550A86002F866D /* Release */ = {
			isa = XCBuildConfiguration;
			baseConfigurationReference = 7AC4ED4D0991B0E099A88D08 /* Pods-Pokemon Team Builder-Pokemon Team BuilderUITests.release.xcconfig */;
			buildSettings = {
				ALWAYS_EMBED_SWIFT_STANDARD_LIBRARIES = YES;
				CODE_SIGN_STYLE = Automatic;
				INFOPLIST_FILE = "Pokemon Team BuilderUITests/Info.plist";
				LD_RUNPATH_SEARCH_PATHS = (
					"$(inherited)",
					"@executable_path/Frameworks",
					"@loader_path/Frameworks",
				);
				PRODUCT_BUNDLE_IDENTIFIER = "Codepath.Pokemon-Team-BuilderUITests";
				PRODUCT_NAME = "$(TARGET_NAME)";
				SWIFT_VERSION = 5.0;
				TARGETED_DEVICE_FAMILY = "1,2";
				TEST_TARGET_NAME = "Pokemon Team Builder";
			};
			name = Release;
		};
/* End XCBuildConfiguration section */

/* Begin XCConfigurationList section */
		3FA5CB9125550A84002F866D /* Build configuration list for PBXProject "Pokemon Team Builder" */ = {
			isa = XCConfigurationList;
			buildConfigurations = (
				3FA5CBBE25550A86002F866D /* Debug */,
				3FA5CBBF25550A86002F866D /* Release */,
			);
			defaultConfigurationIsVisible = 0;
			defaultConfigurationName = Release;
		};
		3FA5CBC025550A86002F866D /* Build configuration list for PBXNativeTarget "Pokemon Team Builder" */ = {
			isa = XCConfigurationList;
			buildConfigurations = (
				3FA5CBC125550A86002F866D /* Debug */,
				3FA5CBC225550A86002F866D /* Release */,
			);
			defaultConfigurationIsVisible = 0;
			defaultConfigurationName = Release;
		};
		3FA5CBC325550A86002F866D /* Build configuration list for PBXNativeTarget "Pokemon Team BuilderTests" */ = {
			isa = XCConfigurationList;
			buildConfigurations = (
				3FA5CBC425550A86002F866D /* Debug */,
				3FA5CBC525550A86002F866D /* Release */,
			);
			defaultConfigurationIsVisible = 0;
			defaultConfigurationName = Release;
		};
		3FA5CBC625550A86002F866D /* Build configuration list for PBXNativeTarget "Pokemon Team BuilderUITests" */ = {
			isa = XCConfigurationList;
			buildConfigurations = (
				3FA5CBC725550A86002F866D /* Debug */,
				3FA5CBC825550A86002F866D /* Release */,
			);
			defaultConfigurationIsVisible = 0;
			defaultConfigurationName = Release;
		};
/* End XCConfigurationList section */
	};
	rootObject = 3FA5CB8E25550A84002F866D /* Project object */;
}
